{
  "name": "ofc-app",
  "version": "1.0.0",
  "lockfileVersion": 3,
  "requires": true,
  "packages": {
    "": {
      "name": "ofc-app",
      "version": "1.0.0",
      "license": "ISC",
      "devDependencies": {
        "@mizchi/vlmkit": "0.22.0",
        "playwright": "^1.63.0"
      },
      "engines": {
        "node": ">=24"
      }
    },
    "node_modules/@hono/node-server": {
      "version": "1.19.17",
      "resolved": "https://registry.npmjs.org/@hono/node-server/-/node-server-1.19.17.tgz",
      "integrity": "sha512-dSneS5qhiauZWGDCeK4o695Xd9nUNjviSZCMQrj10eetr8Uln1ucn6bbphOM6UynAMMtNIzZNSpL9vnASJwrPQ==",
      "dev": true,
      "license": "MIT",
      "engines": {
        "node": ">=18.14.1"
      },
      "peerDependencies": {
        "hono": "^4"
      }
    },
    "node_modules/@mizchi/vlmkit": {
      "version": "0.22.0",
      "resolved": "https://registry.npmjs.org/@mizchi/vlmkit/-/vlmkit-0.22.0.tgz",
      "integrity": "sha512-Lz27p151VzkG1U7qxAOIAK8+yDojEB1gKCMkCuyC8RGN4sLWDazNle38xSSaEjSi4DeZY8bGMsRHusiX06iFDQ==",
      "dev": true,
      "license": "MIT",
      "dependencies": {
        "@hono/node-server": "^1.19.12",
        "cac": "^7.0.0",
        "hono": "^4.12.10",
        "pixelmatch": "^7.1.0",
        "pngjs": "^7.0.0",
        "typescript": "^6.0.2",
        "ws": "^8.20.0"
      },
      "bin": {
        "vlmkit": "dist/vlmkit.mjs"
      },
      "engines": {
        "node": ">=24"
      },
      "peerDependencies": {
        "@jsquash/webp": "^1",
        "@playwright/test": ">=1.61 <2",
        "playwright": ">=1.61 <2"
      },
      "peerDependenciesMeta": {
        "@jsquash/webp": {
          "optional": true
        },
        "@playwright/test": {
          "optional": true
        }
      }
    },
    "node_modules/cac": {
      "version": "7.0.0",
      "resolved": "https://registry.npmjs.org/cac/-/cac-7.0.0.tgz",
      "integrity": "sha512-tixWYgm5ZoOD+3g6UTea91eow5z6AAHaho3g0V9CNSNb45gM8SmflpAc+GRd1InC4AqN/07Unrgp56Y94N9hJQ==",
      "dev": true,
      "license": "MIT",
      "engines": {
        "node": ">=20.19.0"
      }
    },
    "node_modules/hono": {
      "version": "4.13.8",
      "resolved": "https://registry.npmjs.org/hono/-/hono-4.13.8.tgz",
      "integrity": "sha512-/Gng7NfoykZl2pjukW5Z6+8Yxm3BPRf86GTbQnt0SbySkvax4fyL4H3HhY1cCpBGmiW9XDRFzRV+CXK2W8QudQ==",
      "dev": true,
      "license": "MIT",
      "engines": {
        "node": ">=16.9.0"
      }
    },
    "node_modules/pixelmatch": {
      "version": "7.2.0",
      "resolved": "https://registry.npmjs.org/pixelmatch/-/pixelmatch-7.2.0.tgz",
      "integrity": "sha512-xhcb4yHu9sM/G7foGzoLtXYcC0zHEaOXXjRKhGup0fw78Nf2Tkiapv4EQyMzrbcmQPsllAI7DbFY2UT7PlI9Pg==",
      "dev": true,
      "license": "ISC",
      "dependencies": {
        "pngjs": "^7.0.0"
      },
      "bin": {
        "pixelmatch": "bin/pixelmatch"
      }
    },
    "node_modules/playwright": {
      "version": "1.63.0",
      "resolved": "https://registry.npmjs.org/playwright/-/playwright-1.63.0.tgz",
      "integrity": "sha512-+7ziBLidS4NaNCdt57SUDT+wYmmd5fmiQejUic/kb+YsYSCPyOOE9sebzMjNmQrsnNpDJqd4WHvV/8lfKfUDUg==",
      "dev": true,
      "license": "Apache-2.0",
      "dependencies": {
        "playwright-core": "1.63.0"
      },
      "bin": {
        "playwright": "cli.js"
      },
      "engines": {
        "node": ">=20"
      }
    },
    "node_modules/playwright-core": {
      "version": "1.63.0",
      "resolved": "https://registry.npmjs.org/playwright-core/-/playwright-core-1.63.0.tgz",
      "integrity": "sha512-rYCsBF/M5HjUch52bbtVONEFjv6Xu8sm8h72dNlR5bzIE1fvC/bxgspzkjSfU+MweEMmPM8KJebG6nnyxo5mCg==",
      "dev": true,
      "license": "Apache-2.0",
      "bin": {
        "playwright-core": "cli.js"
      },
      "engines": {
        "node": ">=20"
      }
    },
    "node_modules/pngjs": {
      "version": "7.0.0",
      "resolved": "https://registry.npmjs.org/pngjs/-/pngjs-7.0.0.tgz",
      "integrity": "sha512-LKWqWJRhstyYo9pGvgor/ivk2w94eSjE3RGVuzLGlr3NmD8bf7RcYGze1mNdEHRP6TRP6rMuDHk5t44hnTRyow==",
      "dev": true,
      "license": "MIT",
      "engines": {
        "node": ">=14.19.0"
      }
    },
    "node_modules/typescript": {
      "version": "6.0.3",
      "resolved": "https://registry.npmjs.org/typescript/-/typescript-6.0.3.tgz",
      "integrity": "sha512-y2TvuxSZPDyQakkFRPZHKFm+KKVqIisdg9/CZwm9ftvKXLP8NRWj38/ODjNbr43SsoXqNuAisEf1GdCxqWcdBw==",
      "dev": true,
      "license": "Apache-2.0",
      "bin": {
        "tsc": "bin/tsc",
        "tsserver": "bin/tsserver"
      },
      "engines": {
        "node": ">=14.17"
      }
    },
    "node_modules/ws": {
      "version": "8.21.3",
      "resolved": "https://registry.npmjs.org/ws/-/ws-8.21.3.tgz",
      "integrity": "sha512-201TZ/kPWxoPr/OKWjquZR1SWKXcvxdH+e1xrx89b3YbmzLMFCLfnaG1HFIgWzJOEWZ7MvpK++odZufgYR50Rw==",
      "dev": true,
      "license": "MIT",
      "engines": {
        "node": ">=10.0.0"
      },
      "peerDependencies": {
        "bufferutil": "^4.0.1",
        "utf-8-validate": ">=5.0.2"
      },
      "peerDependenciesMeta": {
        "bufferutil": {
          "optional": true
        },
        "utf-8-validate": {
          "optional": true
        }
      }
    }
  }
}
